// !$*UTF8*$!
{
	archiveVersion = 1;
	classes = {
	};
	objectVersion = 46;
	objects = {

/* Begin PBXBuildFile section */
		41D747111D049D5F00AE9B53 /* main.swift in Sources */ = {isa = PBXBuildFile; fileRef = 41D747101D049D5F00AE9B53 /* main.swift */; };
		41D7471B1D049DE300AE9B53 /* Constants.swift in Sources */ = {isa = PBXBuildFile; fileRef = 41D747171D049DE300AE9B53 /* Constants.swift */; };
		41D7471C1D049DE300AE9B53 /* Message.swift in Sources */ = {isa = PBXBuildFile; fileRef = 41D747181D049DE300AE9B53 /* Message.swift */; };
		41D7471D1D049DE300AE9B53 /* Spoofer.swift in Sources */ = {isa = PBXBuildFile; fileRef = 41D747191D049DE300AE9B53 /* Spoofer.swift */; };
		41D7471E1D049DE300AE9B53 /* Utils.swift in Sources */ = {isa = PBXBuildFile; fileRef = 41D7471A1D049DE300AE9B53 /* Utils.swift */; };
		41D747231D04A1DC00AE9B53 /* Messages.proto.swift in Sources */ = {isa = PBXBuildFile; fileRef = 41D747221D04A1DC00AE9B53 /* Messages.proto.swift */; };
/* End PBXBuildFile section */

/* Begin PBXCopyFilesBuildPhase section */
		41D7470B1D049D5F00AE9B53 /* CopyFiles */ = {
			isa = PBXCopyFilesBuildPhase;
			buildActionMask = 2147483647;
			dstPath = /usr/share/man/man1/;
			dstSubfolderSpec = 0;
			files = (
			);
			runOnlyForDeploymentPostprocessing = 1;
		};
/* End PBXCopyFilesBuildPhase section */

/* Begin PBXFileReference section */
		41D7470D1D049D5F00AE9B53 /* polarspoofer */ = {isa = PBXFileReference; explicitFileType = "compiled.mach-o.executable"; includeInIndex = 0; path = polarspoofer; sourceTree = BUILT_PRODUCTS_DIR; };
		41D747101D049D5F00AE9B53 /* main.swift */ = {isa = PBXFileReference; lastKnownFileType = sourcecode.swift; path = main.swift; sourceTree = "<group>"; };
		41D747171D049DE300AE9B53 /* Constants.swift */ = {isa = PBXFileReference; fileEncoding = 4; lastKnownFileType = sourcecode.swift; path = Constants.swift; sourceTree = "<group>"; };
		41D747181D049DE300AE9B53 /* Message.swift */ = {isa = PBXFileReference; fileEncoding = 4; lastKnownFileType = sourcecode.swift; path = Message.swift; sourceTree = "<group>"; };
		41D747191D049DE300AE9B53 /* Spoofer.swift */ = {isa = PBXFileReference; fileEncoding = 4; lastKnownFileType = sourcecode.swift; path = Spoofer.swift; sourceTree = "<group>"; };
		41D7471A1D049DE300AE9B53 /* Utils.swift */ = {isa = PBXFileReference; fileEncoding = 4; lastKnownFileType = sourcecode.swift; path = Utils.swift; sourceTree = "<group>"; };
		41D7471F1D04A06E00AE9B53 /* protobuf */ = {isa = PBXFileReference; lastKnownFileType = folder; path = protobuf; sourceTree = "<group>"; };
		41D747201D04A0F600AE9B53 /* Messages.proto */ = {isa = PBXFileReference; fileEncoding = 4; lastKnownFileType = text; path = Messages.proto; sourceTree = "<group>"; };
		41D747221D04A1DC00AE9B53 /* Messages.proto.swift */ = {isa = PBXFileReference; fileEncoding = 4; lastKnownFileType = sourcecode.swift; path = Messages.proto.swift; sourceTree = "<group>"; };
/* End PBXFileReference section */

/* Begin PBXFrameworksBuildPhase section */
		41D7470A1D049D5F00AE9B53 /* Frameworks */ = {
			isa = PBXFrameworksBuildPhase;
			buildActionMask = 2147483647;
			files = (
			);
			runOnlyForDeploymentPostprocessing = 0;
		};
/* End PBXFrameworksBuildPhase section */

/* Begin PBXGroup section */
		41D747041D049D5F00AE9B53 = {
			isa = PBXGroup;
			children = (
				41D7470F1D049D5F00AE9B53 /* polarspoofer */,
				41D7470E1D049D5F00AE9B53 /* Products */,
			);
			sourceTree = "<group>";
		};
		41D7470E1D049D5F00AE9B53 /* Products */ = {
			isa = PBXGroup;
			children = (
				41D7470D1D049D5F00AE9B53 /* polarspoofer */,
			);
			name = Products;
			sourceTree = "<group>";
		};
		41D7470F1D049D5F00AE9B53 /* polarspoofer */ = {
			isa = PBXGroup;
			children = (
				41D7471F1D04A06E00AE9B53 /* protobuf */,
				41D747101D049D5F00AE9B53 /* main.swift */,
				41D747191D049DE300AE9B53 /* Spoofer.swift */,
				41D747171D049DE300AE9B53 /* Constants.swift */,
				41D747181D049DE300AE9B53 /* Message.swift */,
				41D7471A1D049DE300AE9B53 /* Utils.swift */,
				41D747201D04A0F600AE9B53 /* Messages.proto */,
				41D747221D04A1DC00AE9B53 /* Messages.proto.swift */,
			);
			path = polarspoofer;
			sourceTree = "<group>";
		};
/* End PBXGroup section */

/* Begin PBXNativeTarget section */
		41D7470C1D049D5F00AE9B53 /* polarspoofer */ = {
			isa = PBXNativeTarget;
			buildConfigurationList = 41D747141D049D5F00AE9B53 /* Build configuration list for PBXNativeTarget "polarspoofer" */;
			buildPhases = (
				41D747211D04A17F00AE9B53 /* ShellScript */,
				41D747091D049D5F00AE9B53 /* Sources */,
				41D7470A1D049D5F00AE9B53 /* Frameworks */,
				41D7470B1D049D5F00AE9B53 /* CopyFiles */,
			);
			buildRules = (
			);
			dependencies = (
			);
			name = polarspoofer;
			productName = polarspoofer;
			productReference = 41D7470D1D049D5F00AE9B53 /* polarspoofer */;
			productType = "com.apple.product-type.tool";
		};
/* End PBXNativeTarget section */

/* Begin PBXProject section */
		41D747051D049D5F00AE9B53 /* Project object */ = {
			isa = PBXProject;
			attributes = {
				LastSwiftUpdateCheck = 0730;
				LastUpgradeCheck = 0730;
				ORGANIZATIONNAME = "Adam Kuczyński";
				TargetAttributes = {
					41D7470C1D049D5F00AE9B53 = {
						CreatedOnToolsVersion = 7.3.1;
					};
				};
			};
			buildConfigurationList = 41D747081D049D5F00AE9B53 /* Build configuration list for PBXProject "polarspoofer" */;
			compatibilityVersion = "Xcode 3.2";
			developmentRegion = English;
			hasScannedForEncodings = 0;
			knownRegions = (
				en,
			);
			mainGroup = 41D747041D049D5F00AE9B53;
			productRefGroup = 41D7470E1D049D5F00AE9B53 /* Products */;
			projectDirPath = "";
			projectRoot = "";
			targets = (
				41D7470C1D049D5F00AE9B53 /* polarspoofer */,
			);
		};
/* End PBXProject section */

/* Begin PBXShellScriptBuildPhase section */
		41D747211D04A17F00AE9B53 /* ShellScript */ = {
			isa = PBXShellScriptBuildPhase;
			buildActionMask = 2147483647;
			files = (
			);
			inputPaths = (
			);
			outputPaths = (
			);
			runOnlyForDeploymentPostprocessing = 0;
			shellPath = /bin/sh;
			shellScript = "cd polarspoofer && protoc Messages.proto --swift_out=./";
		};
/* End PBXShellScriptBuildPhase section */

/* Begin PBXSourcesBuildPhase section */
		41D747091D049D5F00AE9B53 /* Sources */ = {
			isa = PBXSourcesBuildPhase;
			buildActionMask = 2147483647;
			files = (
				41D7471E1D049DE300AE9B53 /* Utils.swift in Sources */,
				41D7471C1D049DE300AE9B53 /* Message.swift in Sources */,
				41D747111D049D5F00AE9B53 /* main.swift in Sources */,
				41D7471D1D049DE300AE9B53 /* Spoofer.swift in Sources */,
				41D7471B1D049DE300AE9B53 /* Constants.swift in Sources */,
				41D747231D04A1DC00AE9B53 /* Messages.proto.swift in Sources */,
			);
			runOnlyForDeploymentPostprocessing = 0;
		};
/* End PBXSourcesBuildPhase section */

/* Begin XCBuildConfiguration section */
		41D747121D049D5F00AE9B53 /* Debug */ = {
			isa = XCBuildConfiguration;
			buildSettings = {
				ALWAYS_SEARCH_USER_PATHS = NO;
				CLANG_ANALYZER_NONNULL = YES;
				CLANG_CXX_LANGUAGE_STANDARD = "gnu++0x";
				CLANG_CXX_LIBRARY = "libc++";
				CLANG_ENABLE_MODULES = YES;
				CLANG_ENABLE_OBJC_ARC = YES;
				CLANG_WARN_BOOL_CONVERSION = YES;
				CLANG_WARN_CONSTANT_CONVERSION = YES;
				CLANG_WARN_DIRECT_OBJC_ISA_USAGE = YES_ERROR;
				CLANG_WARN_EMPTY_BODY = YES;
				CLANG_WARN_ENUM_CONVERSION = YES;
				CLANG_WARN_INT_CONVERSION = YES;
				CLANG_WARN_OBJC_ROOT_CLASS = YES_ERROR;
				CLANG_WARN_UNREACHABLE_CODE = YES;
				CLANG_WARN__DUPLICATE_METHOD_MATCH = YES;
				CODE_SIGN_IDENTITY = "-";
				COPY_PHASE_STRIP = NO;
				DEBUG_INFORMATION_FORMAT = dwarf;
				ENABLE_STRICT_OBJC_MSGSEND = YES;
				ENABLE_TESTABILITY = YES;
				GCC_C_LANGUAGE_STANDARD = gnu99;
				GCC_DYNAMIC_NO_PIC = NO;
				GCC_NO_COMMON_BLOCKS = YES;
				GCC_OPTIMIZATION_LEVEL = 0;
				GCC_PREPROCESSOR_DEFINITIONS = (
					"DEBUG=1",
					"$(inherited)",
				);
				GCC_WARN_64_TO_32_BIT_CONVERSION = YES;
				GCC_WARN_ABOUT_RETURN_TYPE = YES_ERROR;
				GCC_WARN_UNDECLARED_SELECTOR = YES;
				GCC_WARN_UNINITIALIZED_AUTOS = YES_AGGRESSIVE;
				GCC_WARN_UNUSED_FUNCTION = YES;
				GCC_WARN_UNUSED_VARIABLE = YES;
				MACOSX_DEPLOYMENT_TARGET = 10.11;
				MTL_ENABLE_DEBUG_INFO = YES;
				ONLY_ACTIVE_ARCH = YES;
				SDKROOT = macosx;
				SWIFT_OPTIMIZATION_LEVEL = "-Onone";
			};
			name = Debug;
		};
		41D747131D049D5F00AE9B53 /* Release */ = {
			isa = XCBuildConfiguration;
			buildSettings = {
				ALWAYS_SEARCH_USER_PATHS = NO;
				CLANG_ANALYZER_NONNULL = YES;
				CLANG_CXX_LANGUAGE_STANDARD = "gnu++0x";
				CLANG_CXX_LIBRARY = "libc++";
				CLANG_ENABLE_MODULES = YES;
				CLANG_ENABLE_OBJC_ARC = YES;
				CLANG_WARN_BOOL_CONVERSION = YES;
				CLANG_WARN_CONSTANT_CONVERSION = YES;
				CLANG_WARN_DIRECT_OBJC_ISA_USAGE = YES_ERROR;
				CLANG_WARN_EMPTY_BODY = YES;
				CLANG_WARN_ENUM_CONVERSION = YES;
				CLANG_WARN_INT_CONVERSION = YES;
				CLANG_WARN_OBJC_ROOT_CLASS = YES_ERROR;
				CLANG_WARN_UNREACHABLE_CODE = YES;
				CLANG_WARN__DUPLICATE_METHOD_MATCH = YES;
				CODE_SIGN_IDENTITY = "-";
				COPY_PHASE_STRIP = NO;
				DEBUG_INFORMATION_FORMAT = "dwarf-with-dsym";
				ENABLE_NS_ASSERTIONS = NO;
				ENABLE_STRICT_OBJC_MSGSEND = YES;
				GCC_C_LANGUAGE_STANDARD = gnu99;
				GCC_NO_COMMON_BLOCKS = YES;
				GCC_WARN_64_TO_32_BIT_CONVERSION = YES;
				GCC_WARN_ABOUT_RETURN_TYPE = YES_ERROR;
				GCC_WARN_UNDECLARED_SELECTOR = YES;
				GCC_WARN_UNINITIALIZED_AUTOS = YES_AGGRESSIVE;
				GCC_WARN_UNUSED_FUNCTION = YES;
				GCC_WARN_UNUSED_VARIABLE = YES;
				MACOSX_DEPLOYMENT_TARGET = 10.11;
				MTL_ENABLE_DEBUG_INFO = NO;
				SDKROOT = macosx;
			};
			name = Release;
		};
		41D747151D049D5F00AE9B53 /* Debug */ = {
			isa = XCBuildConfiguration;
			buildSettings = {
				PRODUCT_NAME = "$(TARGET_NAME)";
			};
			name = Debug;
		};
		41D747161D049D5F00AE9B53 /* Release */ = {
			isa = XCBuildConfiguration;
			buildSettings = {
				PRODUCT_NAME = "$(TARGET_NAME)";
			};
			name = Release;
		};
/* End XCBuildConfiguration section */

/* Begin XCConfigurationList section */
		41D747081D049D5F00AE9B53 /* Build configuration list for PBXProject "polarspoofer" */ = {
			isa = XCConfigurationList;
			buildConfigurations = (
				41D747121D049D5F00AE9B53 /* Debug */,
				41D747131D049D5F00AE9B53 /* Release */,
			);
			defaultConfigurationIsVisible = 0;
			defaultConfigurationName = Release;
		};
		41D747141D049D5F00AE9B53 /* Build configuration list for PBXNativeTarget "polarspoofer" */ = {
			isa = XCConfigurationList;
			buildConfigurations = (
				41D747151D049D5F00AE9B53 /* Debug */,
				41D747161D049D5F00AE9B53 /* Release */,
			);
			defaultConfigurationIsVisible = 0;
		};
/* End XCConfigurationList section */
	};
	rootObject = 41D747051D049D5F00AE9B53 /* Project object */;
}
